Microsoft Visual Studio Solution File, Format Version 12.00
# Visual Studio Version 17
VisualStudioVersion = 17.5.2.0
MinimumVisualStudioVersion = 10.0.40219.1
Project("{FAE04EC0-301F-11D3-BF4B-00C04F79EFBC}") = "documentbarcode", "documentbarcode.csproj", "{96B66706-149D-12C4-6B51-4CE7ED68C542}"
EndProject
Project("{FAE04EC0-301F-11D3-BF4B-00C04F79EFBC}") = "Twain.Wia.Sane.Scanner", "..\..\Twain.Wia.Sane.Scanner\Twain.Wia.Sane.Scanner.csproj", "{E9A98790-984F-4904-8A8F-1F4216E7EDF0}"
EndProject
Global
	GlobalSection(SolutionConfigurationPlatforms) = preSolution
		Debug|Any CPU = Debug|Any CPU
		Release|Any CPU = Release|Any CPU
	EndGlobalSection
	GlobalSection(ProjectConfigurationPlatforms) = postSolution
		{96B66706-149D-12C4-6B51-4CE7ED68C542}.Debug|Any CPU.ActiveCfg = Debug|Any CPU
		{96B66706-149D-12C4-6B51-4CE7ED68C542}.Debug|Any CPU.Build.0 = Debug|Any CPU
		{96B66706-149D-12C4-6B51-4CE7ED68C542}.Release|Any CPU.ActiveCfg = Release|Any CPU
		{96B66706-149D-12C4-6B51-4CE7ED68C542}.Release|Any CPU.Build.0 = Release|Any CPU
		{E9A98790-984F-4904-8A8F-1F4216E7EDF0}.Debug|Any CPU.ActiveCfg = Debug|Any CPU
		{E9A98790-984F-4904-8A8F-1F4216E7EDF0}.Debug|Any CPU.Build.0 = Debug|Any CPU
		{E9A98790-984F-4904-8A8F-1F4216E7EDF0}.Release|Any CPU.ActiveCfg = Release|Any CPU
		{E9A98790-984F-4904-8A8F-1F4216E7EDF0}.Release|Any CPU.Build.0 = Release|Any CPU
	EndGlobalSection
	GlobalSection(SolutionProperties) = preSolution
		HideSolutionNode = FALSE
	EndGlobalSection
	GlobalSection(ExtensibilityGlobals) = postSolution
		SolutionGuid = {E535A24F-93FA-4090-9482-F159AC6DF041}
	EndGlobalSection
EndGlobal
