
Microsoft Visual Studio Solution File, Format Version 12.00
# Visual Studio Version 17
VisualStudioVersion = 17.7.34031.279
MinimumVisualStudioVersion = 10.0.40219.1
Project("{FAE04EC0-301F-11D3-BF4B-00C04F79EFBC}") = "MauiAppDocScan", "MauiAppDocScan.csproj", "{2DD39E7F-93DE-45B3-B73D-220839BB216F}"
EndProject
Global
	GlobalSection(SolutionConfigurationPlatforms) = preSolution
		Debug|Any CPU = Debug|Any CPU
		Release|Any CPU = Release|Any CPU
	EndGlobalSection
	GlobalSection(ProjectConfigurationPlatforms) = postSolution
		{2DD39E7F-93DE-45B3-B73D-220839BB216F}.Debug|Any CPU.ActiveCfg = Debug|Any CPU
		{2DD39E7F-93DE-45B3-B73D-220839BB216F}.Debug|Any CPU.Build.0 = Debug|Any CPU
		{2DD39E7F-93DE-45B3-B73D-220839BB216F}.Debug|Any CPU.Deploy.0 = Debug|Any CPU
		{2DD39E7F-93DE-45B3-B73D-220839BB216F}.Release|Any CPU.ActiveCfg = Release|Any CPU
		{2DD39E7F-93DE-45B3-B73D-220839BB216F}.Release|Any CPU.Build.0 = Release|Any CPU
		{2DD39E7F-93DE-45B3-B73D-220839BB216F}.Release|Any CPU.Deploy.0 = Release|Any CPU
	EndGlobalSection
	GlobalSection(SolutionProperties) = preSolution
		HideSolutionNode = FALSE
	EndGlobalSection
	GlobalSection(ExtensibilityGlobals) = postSolution
		SolutionGuid = {04760FC7-4152-431B-A059-350603C9A3C3}
	EndGlobalSection
EndGlobal
